
Microsoft Visual Studio Solution File, Format Version 12.00
# Visual Studio Version 17
VisualStudioVersion = 17.4.33205.214
MinimumVisualStudioVersion = 10.0.40219.1
Project("{9A19103F-16F7-4668-BE54-9A1E7A4F7556}") = "HostedSupervizer", "HostedSupervizer\HostedSupervizer.csproj", "{37A2C9FB-200B-4349-A194-1FC7CD704D56}"
EndProject
Project("{2150E333-8FDC-42A3-9474-1A3956D46DE8}") = "1. Domain", "1. Domain", "{FCBDEE6C-AB3C-4288-A42D-F9ACD77B5DF1}"
EndProject
Project("{FAE04EC0-301F-11D3-BF4B-00C04F79EFBC}") = "Domain", "Domain\Domain.csproj", "{A1E021B1-C818-449D-9FED-5B61F6F5B8AA}"
EndProject
Project("{2150E333-8FDC-42A3-9474-1A3956D46DE8}") = "2. HostedService", "2. HostedService", "{10981D37-8050-41C1-88D0-3D539A0CD739}"
EndProject
Global
	GlobalSection(SolutionConfigurationPlatforms) = preSolution
		Debug|Any CPU = Debug|Any CPU
		Release|Any CPU = Release|Any CPU
	EndGlobalSection
	GlobalSection(ProjectConfigurationPlatforms) = postSolution
		{37A2C9FB-200B-4349-A194-1FC7CD704D56}.Debug|Any CPU.ActiveCfg = Debug|Any CPU
		{37A2C9FB-200B-4349-A194-1FC7CD704D56}.Debug|Any CPU.Build.0 = Debug|Any CPU
		{37A2C9FB-200B-4349-A194-1FC7CD704D56}.Release|Any CPU.ActiveCfg = Release|Any CPU
		{37A2C9FB-200B-4349-A194-1FC7CD704D56}.Release|Any CPU.Build.0 = Release|Any CPU
		{A1E021B1-C818-449D-9FED-5B61F6F5B8AA}.Debug|Any CPU.ActiveCfg = Debug|Any CPU
		{A1E021B1-C818-449D-9FED-5B61F6F5B8AA}.Debug|Any CPU.Build.0 = Debug|Any CPU
		{A1E021B1-C818-449D-9FED-5B61F6F5B8AA}.Release|Any CPU.ActiveCfg = Release|Any CPU
		{A1E021B1-C818-449D-9FED-5B61F6F5B8AA}.Release|Any CPU.Build.0 = Release|Any CPU
	EndGlobalSection
	GlobalSection(SolutionProperties) = preSolution
		HideSolutionNode = FALSE
	EndGlobalSection
	GlobalSection(NestedProjects) = preSolution
		{37A2C9FB-200B-4349-A194-1FC7CD704D56} = {10981D37-8050-41C1-88D0-3D539A0CD739}
		{A1E021B1-C818-449D-9FED-5B61F6F5B8AA} = {FCBDEE6C-AB3C-4288-A42D-F9ACD77B5DF1}
	EndGlobalSection
	GlobalSection(ExtensibilityGlobals) = postSolution
		SolutionGuid = {E922550D-820D-4720-8B13-DFFB24E83FE5}
	EndGlobalSection
EndGlobal
